
Microsoft Visual Studio Solution File, Format Version 12.00
# Visual Studio Version 16
VisualStudioVersion = 16.0.30804.86
MinimumVisualStudioVersion = 10.0.40219.1
Project("{FAE04EC0-301F-11D3-BF4B-00C04F79EFBC}") = "HairyCheats", "SampleMods\HairyCheats.csproj", "{EBFF4D2F-A854-4156-B002-CA97CE7CE99D}"
EndProject
Global
	GlobalSection(SolutionConfigurationPlatforms) = preSolution
		Debug|Any CPU = Debug|Any CPU
		Release|Any CPU = Release|Any CPU
	EndGlobalSection
	GlobalSection(ProjectConfigurationPlatforms) = postSolution
		{EBFF4D2F-A854-4156-B002-CA97CE7CE99D}.Debug|Any CPU.ActiveCfg = Debug|Any CPU
		{EBFF4D2F-A854-4156-B002-CA97CE7CE99D}.Debug|Any CPU.Build.0 = Debug|Any CPU
		{EBFF4D2F-A854-4156-B002-CA97CE7CE99D}.Release|Any CPU.ActiveCfg = Release|Any CPU
		{EBFF4D2F-A854-4156-B002-CA97CE7CE99D}.Release|Any CPU.Build.0 = Release|Any CPU
	EndGlobalSection
	GlobalSection(SolutionProperties) = preSolution
		HideSolutionNode = FALSE
	EndGlobalSection
	GlobalSection(ExtensibilityGlobals) = postSolution
		SolutionGuid = {5B6A8714-224E-40AB-9534-3B7A802DF455}
	EndGlobalSection
EndGlobal
